// !$*UTF8*$!
{
	archiveVersion = 1;
	classes = {
	};
	objectVersion = 50;
	objects = {

/* Begin PBXBuildFile section */
		3401D801226EF688006EB588 /* MusicViewController.m in Sources */ = {isa = PBXBuildFile; fileRef = 3401D800226EF688006EB588 /* MusicViewController.m */; };
		340689C52265B93700508995 /* TestViewController.m in Sources */ = {isa = PBXBuildFile; fileRef = 340689C42265B93700508995 /* TestViewController.m */; };
		340A7CAD2271883B0053BCA0 /* MusicView.m in Sources */ = {isa = PBXBuildFile; fileRef = 340A7CAC2271883B0053BCA0 /* MusicView.m */; };
		340A7CB02271884A0053BCA0 /* MusicInfoView.m in Sources */ = {isa = PBXBuildFile; fileRef = 340A7CAF2271884A0053BCA0 /* MusicInfoView.m */; };
		340A7CB3227188660053BCA0 /* MusicLyricView.m in Sources */ = {isa = PBXBuildFile; fileRef = 340A7CB2227188660053BCA0 /* MusicLyricView.m */; };
		340A7CB5227188740053BCA0 /* MusicView.xib in Resources */ = {isa = PBXBuildFile; fileRef = 340A7CB4227188740053BCA0 /* MusicView.xib */; };
		34710E492269DC7100FE20D8 /* TwoSidesView.m in Sources */ = {isa = PBXBuildFile; fileRef = 34710E482269DC7100FE20D8 /* TwoSidesView.m */; };
		34F0D9822270280000FF6673 /* ColorController.m in Sources */ = {isa = PBXBuildFile; fileRef = 34F0D9812270280000FF6673 /* ColorController.m */; };
		34FFF9A322520FBF00BE1441 /* AppDelegate.m in Sources */ = {isa = PBXBuildFile; fileRef = 34FFF9A222520FBF00BE1441 /* AppDelegate.m */; };
		34FFF9A622520FBF00BE1441 /* ViewController.m in Sources */ = {isa = PBXBuildFile; fileRef = 34FFF9A522520FBF00BE1441 /* ViewController.m */; };
		34FFF9A922520FBF00BE1441 /* Main.storyboard in Resources */ = {isa = PBXBuildFile; fileRef = 34FFF9A722520FBF00BE1441 /* Main.storyboard */; };
		34FFF9AB22520FC100BE1441 /* Assets.xcassets in Resources */ = {isa = PBXBuildFile; fileRef = 34FFF9AA22520FC100BE1441 /* Assets.xcassets */; };
		34FFF9AE22520FC100BE1441 /* LaunchScreen.storyboard in Resources */ = {isa = PBXBuildFile; fileRef = 34FFF9AC22520FC100BE1441 /* LaunchScreen.storyboard */; };
		34FFF9B122520FC100BE1441 /* main.m in Sources */ = {isa = PBXBuildFile; fileRef = 34FFF9B022520FC100BE1441 /* main.m */; };
		34FFF9BB22520FC100BE1441 /* TestForPopTests.m in Sources */ = {isa = PBXBuildFile; fileRef = 34FFF9BA22520FC100BE1441 /* TestForPopTests.m */; };
		34FFF9C622520FC100BE1441 /* TestForPopUITests.m in Sources */ = {isa = PBXBuildFile; fileRef = 34FFF9C522520FC100BE1441 /* TestForPopUITests.m */; };
		34FFF9D52252FC7600BE1441 /* ClockFace.m in Sources */ = {isa = PBXBuildFile; fileRef = 34FFF9D42252FC7600BE1441 /* ClockFace.m */; };
		9E3F0928127E863293E3653D /* libPods-TestForPop.a in Frameworks */ = {isa = PBXBuildFile; fileRef = 0788E651AAA505F21CE2CC9B /* libPods-TestForPop.a */; };
/* End PBXBuildFile section */

/* Begin PBXContainerItemProxy section */
		34FFF9B722520FC100BE1441 /* PBXContainerItemProxy */ = {
			isa = PBXContainerItemProxy;
			containerPortal = 34FFF99622520FBF00BE1441 /* Project object */;
			proxyType = 1;
			remoteGlobalIDString = 34FFF99D22520FBF00BE1441;
			remoteInfo = TestForPop;
		};
		34FFF9C222520FC100BE1441 /* PBXContainerItemProxy */ = {
			isa = PBXContainerItemProxy;
			containerPortal = 34FFF99622520FBF00BE1441 /* Project object */;
			proxyType = 1;
			remoteGlobalIDString = 34FFF99D22520FBF00BE1441;
			remoteInfo = TestForPop;
		};
/* End PBXContainerItemProxy section */

/* Begin PBXFileReference section */
		0788E651AAA505F21CE2CC9B /* libPods-TestForPop.a */ = {isa = PBXFileReference; explicitFileType = archive.ar; includeInIndex = 0; path = "libPods-TestForPop.a"; sourceTree = BUILT_PRODUCTS_DIR; };
		3401D7FF226EF688006EB588 /* MusicViewController.h */ = {isa = PBXFileReference; lastKnownFileType = sourcecode.c.h; path = MusicViewController.h; sourceTree = "<group>"; };
		3401D800226EF688006EB588 /* MusicViewController.m */ = {isa = PBXFileReference; lastKnownFileType = sourcecode.c.objc; path = MusicViewController.m; sourceTree = "<group>"; };
		340689C32265B93700508995 /* TestViewController.h */ = {isa = PBXFileReference; lastKnownFileType = sourcecode.c.h; path = TestViewController.h; sourceTree = "<group>"; };
		340689C42265B93700508995 /* TestViewController.m */ = {isa = PBXFileReference; lastKnownFileType = sourcecode.c.objc; path = TestViewController.m; sourceTree = "<group>"; };
		340A7CAB2271883B0053BCA0 /* MusicView.h */ = {isa = PBXFileReference; lastKnownFileType = sourcecode.c.h; path = MusicView.h; sourceTree = "<group>"; };
		340A7CAC2271883B0053BCA0 /* MusicView.m */ = {isa = PBXFileReference; lastKnownFileType = sourcecode.c.objc; path = MusicView.m; sourceTree = "<group>"; };
		340A7CAE2271884A0053BCA0 /* MusicInfoView.h */ = {isa = PBXFileReference; lastKnownFileType = sourcecode.c.h; path = MusicInfoView.h; sourceTree = "<group>"; };
		340A7CAF2271884A0053BCA0 /* MusicInfoView.m */ = {isa = PBXFileReference; lastKnownFileType = sourcecode.c.objc; path = MusicInfoView.m; sourceTree = "<group>"; };
		340A7CB1227188660053BCA0 /* MusicLyricView.h */ = {isa = PBXFileReference; lastKnownFileType = sourcecode.c.h; path = MusicLyricView.h; sourceTree = "<group>"; };
		340A7CB2227188660053BCA0 /* MusicLyricView.m */ = {isa = PBXFileReference; lastKnownFileType = sourcecode.c.objc; path = MusicLyricView.m; sourceTree = "<group>"; };
		340A7CB4227188740053BCA0 /* MusicView.xib */ = {isa = PBXFileReference; lastKnownFileType = file.xib; path = MusicView.xib; sourceTree = "<group>"; };
		34710E472269DC7100FE20D8 /* TwoSidesView.h */ = {isa = PBXFileReference; lastKnownFileType = sourcecode.c.h; path = TwoSidesView.h; sourceTree = "<group>"; };
		34710E482269DC7100FE20D8 /* TwoSidesView.m */ = {isa = PBXFileReference; lastKnownFileType = sourcecode.c.objc; path = TwoSidesView.m; sourceTree = "<group>"; };
		34F0D9802270280000FF6673 /* ColorController.h */ = {isa = PBXFileReference; lastKnownFileType = sourcecode.c.h; path = ColorController.h; sourceTree = "<group>"; };
		34F0D9812270280000FF6673 /* ColorController.m */ = {isa = PBXFileReference; lastKnownFileType = sourcecode.c.objc; path = ColorController.m; sourceTree = "<group>"; };
		34FFF99E22520FBF00BE1441 /* TestForPop.app */ = {isa = PBXFileReference; explicitFileType = wrapper.application; includeInIndex = 0; path = TestForPop.app; sourceTree = BUILT_PRODUCTS_DIR; };
		34FFF9A122520FBF00BE1441 /* AppDelegate.h */ = {isa = PBXFileReference; lastKnownFileType = sourcecode.c.h; path = AppDelegate.h; sourceTree = "<group>"; };
		34FFF9A222520FBF00BE1441 /* AppDelegate.m */ = {isa = PBXFileReference; lastKnownFileType = sourcecode.c.objc; path = AppDelegate.m; sourceTree = "<group>"; };
		34FFF9A422520FBF00BE1441 /* ViewController.h */ = {isa = PBXFileReference; lastKnownFileType = sourcecode.c.h; path = ViewController.h; sourceTree = "<group>"; };
		34FFF9A522520FBF00BE1441 /* ViewController.m */ = {isa = PBXFileReference; lastKnownFileType = sourcecode.c.objc; path = ViewController.m; sourceTree = "<group>"; };
		34FFF9A822520FBF00BE1441 /* Base */ = {isa = PBXFileReference; lastKnownFileType = file.storyboard; name = Base; path = Base.lproj/Main.storyboard; sourceTree = "<group>"; };
		34FFF9AA22520FC100BE1441 /* Assets.xcassets */ = {isa = PBXFileReference; lastKnownFileType = folder.assetcatalog; path = Assets.xcassets; sourceTree = "<group>"; };
		34FFF9AD22520FC100BE1441 /* Base */ = {isa = PBXFileReference; lastKnownFileType = file.storyboard; name = Base; path = Base.lproj/LaunchScreen.storyboard; sourceTree = "<group>"; };
		34FFF9AF22520FC100BE1441 /* Info.plist */ = {isa = PBXFileReference; lastKnownFileType = text.plist.xml; path = Info.plist; sourceTree = "<group>"; };
		34FFF9B022520FC100BE1441 /* main.m */ = {isa = PBXFileReference; lastKnownFileType = sourcecode.c.objc; path = main.m; sourceTree = "<group>"; };
		34FFF9B622520FC100BE1441 /* TestForPopTests.xctest */ = {isa = PBXFileReference; explicitFileType = wrapper.cfbundle; includeInIndex = 0; path = TestForPopTests.xctest; sourceTree = BUILT_PRODUCTS_DIR; };
		34FFF9BA22520FC100BE1441 /* TestForPopTests.m */ = {isa = PBXFileReference; lastKnownFileType = sourcecode.c.objc; path = TestForPopTests.m; sourceTree = "<group>"; };
		34FFF9BC22520FC100BE1441 /* Info.plist */ = {isa = PBXFileReference; lastKnownFileType = text.plist.xml; path = Info.plist; sourceTree = "<group>"; };
		34FFF9C122520FC100BE1441 /* TestForPopUITests.xctest */ = {isa = PBXFileReference; explicitFileType = wrapper.cfbundle; includeInIndex = 0; path = TestForPopUITests.xctest; sourceTree = BUILT_PRODUCTS_DIR; };
		34FFF9C522520FC100BE1441 /* TestForPopUITests.m */ = {isa = PBXFileReference; lastKnownFileType = sourcecode.c.objc; path = TestForPopUITests.m; sourceTree = "<group>"; };
		34FFF9C722520FC100BE1441 /* Info.plist */ = {isa = PBXFileReference; lastKnownFileType = text.plist.xml; path = Info.plist; sourceTree = "<group>"; };
		34FFF9D32252FC7600BE1441 /* ClockFace.h */ = {isa = PBXFileReference; lastKnownFileType = sourcecode.c.h; path = ClockFace.h; sourceTree = "<group>"; };
		34FFF9D42252FC7600BE1441 /* ClockFace.m */ = {isa = PBXFileReference; lastKnownFileType = sourcecode.c.objc; path = ClockFace.m; sourceTree = "<group>"; };
		453BB75AF28D15CE00B2F3C2 /* Pods-TestForPop.release.xcconfig */ = {isa = PBXFileReference; includeInIndex = 1; lastKnownFileType = text.xcconfig; name = "Pods-TestForPop.release.xcconfig"; path = "Target Support Files/Pods-TestForPop/Pods-TestForPop.release.xcconfig"; sourceTree = "<group>"; };
		F88237D7BBCE3704D6A650D8 /* Pods-TestForPop.debug.xcconfig */ = {isa = PBXFileReference; includeInIndex = 1; lastKnownFileType = text.xcconfig; name = "Pods-TestForPop.debug.xcconfig"; path = "Target Support Files/Pods-TestForPop/Pods-TestForPop.debug.xcconfig"; sourceTree = "<group>"; };
/* End PBXFileReference section */

/* Begin PBXFrameworksBuildPhase section */
		34FFF99B22520FBF00BE1441 /* Frameworks */ = {
			isa = PBXFrameworksBuildPhase;
			buildActionMask = 2147483647;
			files = (
				9E3F0928127E863293E3653D /* libPods-TestForPop.a in Frameworks */,
			);
			runOnlyForDeploymentPostprocessing = 0;
		};
		34FFF9B322520FC100BE1441 /* Frameworks */ = {
			isa = PBXFrameworksBuildPhase;
			buildActionMask = 2147483647;
			files = (
			);
			runOnlyForDeploymentPostprocessing = 0;
		};
		34FFF9BE22520FC100BE1441 /* Frameworks */ = {
			isa = PBXFrameworksBuildPhase;
			buildActionMask = 2147483647;
			files = (
			);
			runOnlyForDeploymentPostprocessing = 0;
		};
/* End PBXFrameworksBuildPhase section */

/* Begin PBXGroup section */
		34214C9322717D7A0048F8F4 /* Music */ = {
			isa = PBXGroup;
			children = (
				340A7CAB2271883B0053BCA0 /* MusicView.h */,
				340A7CAC2271883B0053BCA0 /* MusicView.m */,
				340A7CB4227188740053BCA0 /* MusicView.xib */,
				340A7CAE2271884A0053BCA0 /* MusicInfoView.h */,
				340A7CAF2271884A0053BCA0 /* MusicInfoView.m */,
				340A7CB1227188660053BCA0 /* MusicLyricView.h */,
				340A7CB2227188660053BCA0 /* MusicLyricView.m */,
			);
			path = Music;
			sourceTree = "<group>";
		};
		34FFF99522520FBF00BE1441 = {
			isa = PBXGroup;
			children = (
				34FFF9A022520FBF00BE1441 /* TestForPop */,
				34FFF9B922520FC100BE1441 /* TestForPopTests */,
				34FFF9C422520FC100BE1441 /* TestForPopUITests */,
				34FFF99F22520FBF00BE1441 /* Products */,
				F92996451406E733717C5B91 /* Pods */,
				70EB030E32BC1B025B04C02D /* Frameworks */,
			);
			sourceTree = "<group>";
		};
		34FFF99F22520FBF00BE1441 /* Products */ = {
			isa = PBXGroup;
			children = (
				34FFF99E22520FBF00BE1441 /* TestForPop.app */,
				34FFF9B622520FC100BE1441 /* TestForPopTests.xctest */,
				34FFF9C122520FC100BE1441 /* TestForPopUITests.xctest */,
			);
			name = Products;
			sourceTree = "<group>";
		};
		34FFF9A022520FBF00BE1441 /* TestForPop */ = {
			isa = PBXGroup;
			children = (
				34214C9322717D7A0048F8F4 /* Music */,
				34FFF9D32252FC7600BE1441 /* ClockFace.h */,
				34FFF9D42252FC7600BE1441 /* ClockFace.m */,
				34FFF9A122520FBF00BE1441 /* AppDelegate.h */,
				34FFF9A222520FBF00BE1441 /* AppDelegate.m */,
				34FFF9A422520FBF00BE1441 /* ViewController.h */,
				34FFF9A522520FBF00BE1441 /* ViewController.m */,
				34FFF9A722520FBF00BE1441 /* Main.storyboard */,
				34FFF9AA22520FC100BE1441 /* Assets.xcassets */,
				34FFF9AC22520FC100BE1441 /* LaunchScreen.storyboard */,
				34FFF9AF22520FC100BE1441 /* Info.plist */,
				34FFF9B022520FC100BE1441 /* main.m */,
				340689C32265B93700508995 /* TestViewController.h */,
				340689C42265B93700508995 /* TestViewController.m */,
				34710E472269DC7100FE20D8 /* TwoSidesView.h */,
				34710E482269DC7100FE20D8 /* TwoSidesView.m */,
				3401D7FF226EF688006EB588 /* MusicViewController.h */,
				3401D800226EF688006EB588 /* MusicViewController.m */,
				34F0D9802270280000FF6673 /* ColorController.h */,
				34F0D9812270280000FF6673 /* ColorController.m */,
			);
			path = TestForPop;
			sourceTree = "<group>";
		};
		34FFF9B922520FC100BE1441 /* TestForPopTests */ = {
			isa = PBXGroup;
			children = (
				34FFF9BA22520FC100BE1441 /* TestForPopTests.m */,
				34FFF9BC22520FC100BE1441 /* Info.plist */,
			);
			path = TestForPopTests;
			sourceTree = "<group>";
		};
		34FFF9C422520FC100BE1441 /* TestForPopUITests */ = {
			isa = PBXGroup;
			children = (
				34FFF9C522520FC100BE1441 /* TestForPopUITests.m */,
				34FFF9C722520FC100BE1441 /* Info.plist */,
			);
			path = TestForPopUITests;
			sourceTree = "<group>";
		};
		70EB030E32BC1B025B04C02D /* Frameworks */ = {
			isa = PBXGroup;
			children = (
				0788E651AAA505F21CE2CC9B /* libPods-TestForPop.a */,
			);
			name = Frameworks;
			sourceTree = "<group>";
		};
		F92996451406E733717C5B91 /* Pods */ = {
			isa = PBXGroup;
			children = (
				F88237D7BBCE3704D6A650D8 /* Pods-TestForPop.debug.xcconfig */,
				453BB75AF28D15CE00B2F3C2 /* Pods-TestForPop.release.xcconfig */,
			);
			path = Pods;
			sourceTree = "<group>";
		};
/* End PBXGroup section */

/* Begin PBXNativeTarget section */
		34FFF99D22520FBF00BE1441 /* TestForPop */ = {
			isa = PBXNativeTarget;
			buildConfigurationList = 34FFF9CA22520FC100BE1441 /* Build configuration list for PBXNativeTarget "TestForPop" */;
			buildPhases = (
				780CBFF0FE53BD1ED6789841 /* [CP] Check Pods Manifest.lock */,
				34FFF99A22520FBF00BE1441 /* Sources */,
				34FFF99B22520FBF00BE1441 /* Frameworks */,
				34FFF99C22520FBF00BE1441 /* Resources */,
				80C413285E1874FDC126587A /* [CP] Copy Pods Resources */,
			);
			buildRules = (
			);
			dependencies = (
			);
			name = TestForPop;
			productName = TestForPop;
			productReference = 34FFF99E22520FBF00BE1441 /* TestForPop.app */;
			productType = "com.apple.product-type.application";
		};
		34FFF9B522520FC100BE1441 /* TestForPopTests */ = {
			isa = PBXNativeTarget;
			buildConfigurationList = 34FFF9CD22520FC100BE1441 /* Build configuration list for PBXNativeTarget "TestForPopTests" */;
			buildPhases = (
				34FFF9B222520FC100BE1441 /* Sources */,
				34FFF9B322520FC100BE1441 /* Frameworks */,
				34FFF9B422520FC100BE1441 /* Resources */,
			);
			buildRules = (
			);
			dependencies = (
				34FFF9B822520FC100BE1441 /* PBXTargetDependency */,
			);
			name = TestForPopTests;
			productName = TestForPopTests;
			productReference = 34FFF9B622520FC100BE1441 /* TestForPopTests.xctest */;
			productType = "com.apple.product-type.bundle.unit-test";
		};
		34FFF9C022520FC100BE1441 /* TestForPopUITests */ = {
			isa = PBXNativeTarget;
			buildConfigurationList = 34FFF9D022520FC100BE1441 /* Build configuration list for PBXNativeTarget "TestForPopUITests" */;
			buildPhases = (
				34FFF9BD22520FC100BE1441 /* Sources */,
				34FFF9BE22520FC100BE1441 /* Frameworks */,
				34FFF9BF22520FC100BE1441 /* Resources */,
			);
			buildRules = (
			);
			dependencies = (
				34FFF9C322520FC100BE1441 /* PBXTargetDependency */,
			);
			name = TestForPopUITests;
			productName = TestForPopUITests;
			productReference = 34FFF9C122520FC100BE1441 /* TestForPopUITests.xctest */;
			productType = "com.apple.product-type.bundle.ui-testing";
		};
/* End PBXNativeTarget section */

/* Begin PBXProject section */
		34FFF99622520FBF00BE1441 /* Project object */ = {
			isa = PBXProject;
			attributes = {
				LastUpgradeCheck = 1020;
				ORGANIZATIONNAME = Shane;
				TargetAttributes = {
					34FFF99D22520FBF00BE1441 = {
						CreatedOnToolsVersion = 10.2;
					};
					34FFF9B522520FC100BE1441 = {
						CreatedOnToolsVersion = 10.2;
						TestTargetID = 34FFF99D22520FBF00BE1441;
					};
					34FFF9C022520FC100BE1441 = {
						CreatedOnToolsVersion = 10.2;
						TestTargetID = 34FFF99D22520FBF00BE1441;
					};
				};
			};
			buildConfigurationList = 34FFF99922520FBF00BE1441 /* Build configuration list for PBXProject "TestForPop" */;
			compatibilityVersion = "Xcode 9.3";
			developmentRegion = en;
			hasScannedForEncodings = 0;
			knownRegions = (
				en,
				Base,
			);
			mainGroup = 34FFF99522520FBF00BE1441;
			productRefGroup = 34FFF99F22520FBF00BE1441 /* Products */;
			projectDirPath = "";
			projectRoot = "";
			targets = (
				34FFF99D22520FBF00BE1441 /* TestForPop */,
				34FFF9B522520FC100BE1441 /* TestForPopTests */,
				34FFF9C022520FC100BE1441 /* TestForPopUITests */,
			);
		};
/* End PBXProject section */

/* Begin PBXResourcesBuildPhase section */
		34FFF99C22520FBF00BE1441 /* Resources */ = {
			isa = PBXResourcesBuildPhase;
			buildActionMask = 2147483647;
			files = (
				34FFF9AE22520FC100BE1441 /* LaunchScreen.storyboard in Resources */,
				34FFF9AB22520FC100BE1441 /* Assets.xcassets in Resources */,
				340A7CB5227188740053BCA0 /* MusicView.xib in Resources */,
				34FFF9A922520FBF00BE1441 /* Main.storyboard in Resources */,
			);
			runOnlyForDeploymentPostprocessing = 0;
		};
		34FFF9B422520FC100BE1441 /* Resources */ = {
			isa = PBXResourcesBuildPhase;
			buildActionMask = 2147483647;
			files = (
			);
			runOnlyForDeploymentPostprocessing = 0;
		};
		34FFF9BF22520FC100BE1441 /* Resources */ = {
			isa = PBXResourcesBuildPhase;
			buildActionMask = 2147483647;
			files = (
			);
			runOnlyForDeploymentPostprocessing = 0;
		};
/* End PBXResourcesBuildPhase section */

/* Begin PBXShellScriptBuildPhase section */
		780CBFF0FE53BD1ED6789841 /* [CP] Check Pods Manifest.lock */ = {
			isa = PBXShellScriptBuildPhase;
			buildActionMask = 2147483647;
			files = (
			);
			inputFileListPaths = (
			);
			inputPaths = (
				"${PODS_PODFILE_DIR_PATH}/Podfile.lock",
				"${PODS_ROOT}/Manifest.lock",
			);
			name = "[CP] Check Pods Manifest.lock";
			outputFileListPaths = (
			);
			outputPaths = (
				"$(DERIVED_FILE_DIR)/Pods-TestForPop-checkManifestLockResult.txt",
			);
			runOnlyForDeploymentPostprocessing = 0;
			shellPath = /bin/sh;
			shellScript = "diff \"${PODS_PODFILE_DIR_PATH}/Podfile.lock\" \"${PODS_ROOT}/Manifest.lock\" > /dev/null\nif [ $? != 0 ] ; then\n    # print error to STDERR\n    echo \"error: The sandbox is not in sync with the Podfile.lock. Run 'pod install' or update your CocoaPods installation.\" >&2\n    exit 1\nfi\n# This output is used by Xcode 'outputs' to avoid re-running this script phase.\necho \"SUCCESS\" > \"${SCRIPT_OUTPUT_FILE_0}\"\n";
			showEnvVarsInLog = 0;
		};
		80C413285E1874FDC126587A /* [CP] Copy Pods Resources */ = {
			isa = PBXShellScriptBuildPhase;
			buildActionMask = 2147483647;
			files = (
			);
			inputFileListPaths = (
			);
			inputPaths = (
				"${PODS_ROOT}/Target Support Files/Pods-TestForPop/Pods-TestForPop-resources.sh",
				"${PODS_ROOT}/SVProgressHUD/SVProgressHUD/SVProgressHUD.bundle",
			);
			name = "[CP] Copy Pods Resources";
			outputFileListPaths = (
			);
			outputPaths = (
				"${TARGET_BUILD_DIR}/${UNLOCALIZED_RESOURCES_FOLDER_PATH}/SVProgressHUD.bundle",
			);
			runOnlyForDeploymentPostprocessing = 0;
			shellPath = /bin/sh;
			shellScript = "\"${PODS_ROOT}/Target Support Files/Pods-TestForPop/Pods-TestForPop-resources.sh\"\n";
			showEnvVarsInLog = 0;
		};
/* End PBXShellScriptBuildPhase section */

/* Begin PBXSourcesBuildPhase section */
		34FFF99A22520FBF00BE1441 /* Sources */ = {
			isa = PBXSourcesBuildPhase;
			buildActionMask = 2147483647;
			files = (
				340A7CB02271884A0053BCA0 /* MusicInfoView.m in Sources */,
				34FFF9A622520FBF00BE1441 /* ViewController.m in Sources */,
				34FFF9D52252FC7600BE1441 /* ClockFace.m in Sources */,
				340A7CB3227188660053BCA0 /* MusicLyricView.m in Sources */,
				340A7CAD2271883B0053BCA0 /* MusicView.m in Sources */,
				3401D801226EF688006EB588 /* MusicViewController.m in Sources */,
				34710E492269DC7100FE20D8 /* TwoSidesView.m in Sources */,
				34FFF9B122520FC100BE1441 /* main.m in Sources */,
				34FFF9A322520FBF00BE1441 /* AppDelegate.m in Sources */,
				340689C52265B93700508995 /* TestViewController.m in Sources */,
				34F0D9822270280000FF6673 /* ColorController.m in Sources */,
			);
			runOnlyForDeploymentPostprocessing = 0;
		};
		34FFF9B222520FC100BE1441 /* Sources */ = {
			isa = PBXSourcesBuildPhase;
			buildActionMask = 2147483647;
			files = (
				34FFF9BB22520FC100BE1441 /* TestForPopTests.m in Sources */,
			);
			runOnlyForDeploymentPostprocessing = 0;
		};
		34FFF9BD22520FC100BE1441 /* Sources */ = {
			isa = PBXSourcesBuildPhase;
			buildActionMask = 2147483647;
			files = (
				34FFF9C622520FC100BE1441 /* TestForPopUITests.m in Sources */,
			);
			runOnlyForDeploymentPostprocessing = 0;
		};
/* End PBXSourcesBuildPhase section */

/* Begin PBXTargetDependency section */
		34FFF9B822520FC100BE1441 /* PBXTargetDependency */ = {
			isa = PBXTargetDependency;
			target = 34FFF99D22520FBF00BE1441 /* TestForPop */;
			targetProxy = 34FFF9B722520FC100BE1441 /* PBXContainerItemProxy */;
		};
		34FFF9C322520FC100BE1441 /* PBXTargetDependency */ = {
			isa = PBXTargetDependency;
			target = 34FFF99D22520FBF00BE1441 /* TestForPop */;
			targetProxy = 34FFF9C222520FC100BE1441 /* PBXContainerItemProxy */;
		};
/* End PBXTargetDependency section */

/* Begin PBXVariantGroup section */
		34FFF9A722520FBF00BE1441 /* Main.storyboard */ = {
			isa = PBXVariantGroup;
			children = (
				34FFF9A822520FBF00BE1441 /* Base */,
			);
			name = Main.storyboard;
			sourceTree = "<group>";
		};
		34FFF9AC22520FC100BE1441 /* LaunchScreen.storyboard */ = {
			isa = PBXVariantGroup;
			children = (
				34FFF9AD22520FC100BE1441 /* Base */,
			);
			name = LaunchScreen.storyboard;
			sourceTree = "<group>";
		};
/* End PBXVariantGroup section */

/* Begin XCBuildConfiguration section */
		34FFF9C822520FC100BE1441 /* Debug */ = {
			isa = XCBuildConfiguration;
			buildSettings = {
				ALWAYS_SEARCH_USER_PATHS = NO;
				CLANG_ANALYZER_NONNULL = YES;
				CLANG_ANALYZER_NUMBER_OBJECT_CONVERSION = YES_AGGRESSIVE;
				CLANG_CXX_LANGUAGE_STANDARD = "gnu++14";
				CLANG_CXX_LIBRARY = "libc++";
				CLANG_ENABLE_MODULES = YES;
				CLANG_ENABLE_OBJC_ARC = YES;
				CLANG_ENABLE_OBJC_WEAK = YES;
				CLANG_WARN_BLOCK_CAPTURE_AUTORELEASING = YES;
				CLANG_WARN_BOOL_CONVERSION = YES;
				CLANG_WARN_COMMA = YES;
				CLANG_WARN_CONSTANT_CONVERSION = YES;
				CLANG_WARN_DEPRECATED_OBJC_IMPLEMENTATIONS = YES;
				CLANG_WARN_DIRECT_OBJC_ISA_USAGE = YES_ERROR;
				CLANG_WARN_DOCUMENTATION_COMMENTS = YES;
				CLANG_WARN_EMPTY_BODY = YES;
				CLANG_WARN_ENUM_CONVERSION = YES;
				CLANG_WARN_INFINITE_RECURSION = YES;
				CLANG_WARN_INT_CONVERSION = YES;
				CLANG_WARN_NON_LITERAL_NULL_CONVERSION = YES;
				CLANG_WARN_OBJC_IMPLICIT_RETAIN_SELF = YES;
				CLANG_WARN_OBJC_LITERAL_CONVERSION = YES;
				CLANG_WARN_OBJC_ROOT_CLASS = YES_ERROR;
				CLANG_WARN_RANGE_LOOP_ANALYSIS = YES;
				CLANG_WARN_STRICT_PROTOTYPES = YES;
				CLANG_WARN_SUSPICIOUS_MOVE = YES;
				CLANG_WARN_UNGUARDED_AVAILABILITY = YES_AGGRESSIVE;
				CLANG_WARN_UNREACHABLE_CODE = YES;
				CLANG_WARN__DUPLICATE_METHOD_MATCH = YES;
				CODE_SIGN_IDENTITY = "iPhone Developer";
				COPY_PHASE_STRIP = NO;
				DEBUG_INFORMATION_FORMAT = dwarf;
				ENABLE_STRICT_OBJC_MSGSEND = YES;
				ENABLE_TESTABILITY = YES;
				GCC_C_LANGUAGE_STANDARD = gnu11;
				GCC_DYNAMIC_NO_PIC = NO;
				GCC_NO_COMMON_BLOCKS = YES;
				GCC_OPTIMIZATION_LEVEL = 0;
				GCC_PREPROCESSOR_DEFINITIONS = (
					"DEBUG=1",
					"$(inherited)",
				);
				GCC_WARN_64_TO_32_BIT_CONVERSION = YES;
				GCC_WARN_ABOUT_RETURN_TYPE = YES_ERROR;
				GCC_WARN_UNDECLARED_SELECTOR = YES;
				GCC_WARN_UNINITIALIZED_AUTOS = YES_AGGRESSIVE;
				GCC_WARN_UNUSED_FUNCTION = YES;
				GCC_WARN_UNUSED_VARIABLE = YES;
				IPHONEOS_DEPLOYMENT_TARGET = 12.2;
				MTL_ENABLE_DEBUG_INFO = INCLUDE_SOURCE;
				MTL_FAST_MATH = YES;
				ONLY_ACTIVE_ARCH = YES;
				SDKROOT = iphoneos;
			};
			name = Debug;
		};
		34FFF9C922520FC100BE1441 /* Release */ = {
			isa = XCBuildConfiguration;
			buildSettings = {
				ALWAYS_SEARCH_USER_PATHS = NO;
				CLANG_ANALYZER_NONNULL = YES;
				CLANG_ANALYZER_NUMBER_OBJECT_CONVERSION = YES_AGGRESSIVE;
				CLANG_CXX_LANGUAGE_STANDARD = "gnu++14";
				CLANG_CXX_LIBRARY = "libc++";
				CLANG_ENABLE_MODULES = YES;
				CLANG_ENABLE_OBJC_ARC = YES;
				CLANG_ENABLE_OBJC_WEAK = YES;
				CLANG_WARN_BLOCK_CAPTURE_AUTORELEASING = YES;
				CLANG_WARN_BOOL_CONVERSION = YES;
				CLANG_WARN_COMMA = YES;
				CLANG_WARN_CONSTANT_CONVERSION = YES;
				CLANG_WARN_DEPRECATED_OBJC_IMPLEMENTATIONS = YES;
				CLANG_WARN_DIRECT_OBJC_ISA_USAGE = YES_ERROR;
				CLANG_WARN_DOCUMENTATION_COMMENTS = YES;
				CLANG_WARN_EMPTY_BODY = YES;
				CLANG_WARN_ENUM_CONVERSION = YES;
				CLANG_WARN_INFINITE_RECURSION = YES;
				CLANG_WARN_INT_CONVERSION = YES;
				CLANG_WARN_NON_LITERAL_NULL_CONVERSION = YES;
				CLANG_WARN_OBJC_IMPLICIT_RETAIN_SELF = YES;
				CLANG_WARN_OBJC_LITERAL_CONVERSION = YES;
				CLANG_WARN_OBJC_ROOT_CLASS = YES_ERROR;
				CLANG_WARN_RANGE_LOOP_ANALYSIS = YES;
				CLANG_WARN_STRICT_PROTOTYPES = YES;
				CLANG_WARN_SUSPICIOUS_MOVE = YES;
				CLANG_WARN_UNGUARDED_AVAILABILITY = YES_AGGRESSIVE;
				CLANG_WARN_UNREACHABLE_CODE = YES;
				CLANG_WARN__DUPLICATE_METHOD_MATCH = YES;
				CODE_SIGN_IDENTITY = "iPhone Developer";
				COPY_PHASE_STRIP = NO;
				DEBUG_INFORMATION_FORMAT = "dwarf-with-dsym";
				ENABLE_NS_ASSERTIONS = NO;
				ENABLE_STRICT_OBJC_MSGSEND = YES;
				GCC_C_LANGUAGE_STANDARD = gnu11;
				GCC_NO_COMMON_BLOCKS = YES;
				GCC_WARN_64_TO_32_BIT_CONVERSION = YES;
				GCC_WARN_ABOUT_RETURN_TYPE = YES_ERROR;
				GCC_WARN_UNDECLARED_SELECTOR = YES;
				GCC_WARN_UNINITIALIZED_AUTOS = YES_AGGRESSIVE;
				GCC_WARN_UNUSED_FUNCTION = YES;
				GCC_WARN_UNUSED_VARIABLE = YES;
				IPHONEOS_DEPLOYMENT_TARGET = 12.2;
				MTL_ENABLE_DEBUG_INFO = NO;
				MTL_FAST_MATH = YES;
				SDKROOT = iphoneos;
				VALIDATE_PRODUCT = YES;
			};
			name = Release;
		};
		34FFF9CB22520FC100BE1441 /* Debug */ = {
			isa = XCBuildConfiguration;
			baseConfigurationReference = F88237D7BBCE3704D6A650D8 /* Pods-TestForPop.debug.xcconfig */;
			buildSettings = {
				ASSETCATALOG_COMPILER_APPICON_NAME = AppIcon;
				CODE_SIGN_STYLE = Automatic;
				INFOPLIST_FILE = TestForPop/Info.plist;
				LD_RUNPATH_SEARCH_PATHS = (
					"$(inherited)",
					"@executable_path/Frameworks",
				);
				PRODUCT_BUNDLE_IDENTIFIER = com.yiketalks.TestForPop;
				PRODUCT_NAME = "$(TARGET_NAME)";
				TARGETED_DEVICE_FAMILY = "1,2";
			};
			name = Debug;
		};
		34FFF9CC22520FC100BE1441 /* Release */ = {
			isa = XCBuildConfiguration;
			baseConfigurationReference = 453BB75AF28D15CE00B2F3C2 /* Pods-TestForPop.release.xcconfig */;
			buildSettings = {
				ASSETCATALOG_COMPILER_APPICON_NAME = AppIcon;
				CODE_SIGN_STYLE = Automatic;
				INFOPLIST_FILE = TestForPop/Info.plist;
				LD_RUNPATH_SEARCH_PATHS = (
					"$(inherited)",
					"@executable_path/Frameworks",
				);
				PRODUCT_BUNDLE_IDENTIFIER = com.yiketalks.TestForPop;
				PRODUCT_NAME = "$(TARGET_NAME)";
				TARGETED_DEVICE_FAMILY = "1,2";
			};
			name = Release;
		};
		34FFF9CE22520FC100BE1441 /* Debug */ = {
			isa = XCBuildConfiguration;
			buildSettings = {
				BUNDLE_LOADER = "$(TEST_HOST)";
				CODE_SIGN_STYLE = Automatic;
				INFOPLIST_FILE = TestForPopTests/Info.plist;
				LD_RUNPATH_SEARCH_PATHS = (
					"$(inherited)",
					"@executable_path/Frameworks",
					"@loader_path/Frameworks",
				);
				PRODUCT_BUNDLE_IDENTIFIER = com.yiketalks.TestForPopTests;
				PRODUCT_NAME = "$(TARGET_NAME)";
				TARGETED_DEVICE_FAMILY = "1,2";
				TEST_HOST = "$(BUILT_PRODUCTS_DIR)/TestForPop.app/TestForPop";
			};
			name = Debug;
		};
		34FFF9CF22520FC100BE1441 /* Release */ = {
			isa = XCBuildConfiguration;
			buildSettings = {
				BUNDLE_LOADER = "$(TEST_HOST)";
				CODE_SIGN_STYLE = Automatic;
				INFOPLIST_FILE = TestForPopTests/Info.plist;
				LD_RUNPATH_SEARCH_PATHS = (
					"$(inherited)",
					"@executable_path/Frameworks",
					"@loader_path/Frameworks",
				);
				PRODUCT_BUNDLE_IDENTIFIER = com.yiketalks.TestForPopTests;
				PRODUCT_NAME = "$(TARGET_NAME)";
				TARGETED_DEVICE_FAMILY = "1,2";
				TEST_HOST = "$(BUILT_PRODUCTS_DIR)/TestForPop.app/TestForPop";
			};
			name = Release;
		};
		34FFF9D122520FC100BE1441 /* Debug */ = {
			isa = XCBuildConfiguration;
			buildSettings = {
				CODE_SIGN_STYLE = Automatic;
				INFOPLIST_FILE = TestForPopUITests/Info.plist;
				LD_RUNPATH_SEARCH_PATHS = (
					"$(inherited)",
					"@executable_path/Frameworks",
					"@loader_path/Frameworks",
				);
				PRODUCT_BUNDLE_IDENTIFIER = com.yiketalks.TestForPopUITests;
				PRODUCT_NAME = "$(TARGET_NAME)";
				TARGETED_DEVICE_FAMILY = "1,2";
				TEST_TARGET_NAME = TestForPop;
			};
			name = Debug;
		};
		34FFF9D222520FC100BE1441 /* Release */ = {
			isa = XCBuildConfiguration;
			buildSettings = {
				CODE_SIGN_STYLE = Automatic;
				INFOPLIST_FILE = TestForPopUITests/Info.plist;
				LD_RUNPATH_SEARCH_PATHS = (
					"$(inherited)",
					"@executable_path/Frameworks",
					"@loader_path/Frameworks",
				);
				PRODUCT_BUNDLE_IDENTIFIER = com.yiketalks.TestForPopUITests;
				PRODUCT_NAME = "$(TARGET_NAME)";
				TARGETED_DEVICE_FAMILY = "1,2";
				TEST_TARGET_NAME = TestForPop;
			};
			name = Release;
		};
/* End XCBuildConfiguration section */

/* Begin XCConfigurationList section */
		34FFF99922520FBF00BE1441 /* Build configuration list for PBXProject "TestForPop" */ = {
			isa = XCConfigurationList;
			buildConfigurations = (
				34FFF9C822520FC100BE1441 /* Debug */,
				34FFF9C922520FC100BE1441 /* Release */,
			);
			defaultConfigurationIsVisible = 0;
			defaultConfigurationName = Release;
		};
		34FFF9CA22520FC100BE1441 /* Build configuration list for PBXNativeTarget "TestForPop" */ = {
			isa = XCConfigurationList;
			buildConfigurations = (
				34FFF9CB22520FC100BE1441 /* Debug */,
				34FFF9CC22520FC100BE1441 /* Release */,
			);
			defaultConfigurationIsVisible = 0;
			defaultConfigurationName = Release;
		};
		34FFF9CD22520FC100BE1441 /* Build configuration list for PBXNativeTarget "TestForPopTests" */ = {
			isa = XCConfigurationList;
			buildConfigurations = (
				34FFF9CE22520FC100BE1441 /* Debug */,
				34FFF9CF22520FC100BE1441 /* Release */,
			);
			defaultConfigurationIsVisible = 0;
			defaultConfigurationName = Release;
		};
		34FFF9D022520FC100BE1441 /* Build configuration list for PBXNativeTarget "TestForPopUITests" */ = {
			isa = XCConfigurationList;
			buildConfigurations = (
				34FFF9D122520FC100BE1441 /* Debug */,
				34FFF9D222520FC100BE1441 /* Release */,
			);
			defaultConfigurationIsVisible = 0;
			defaultConfigurationName = Release;
		};
/* End XCConfigurationList section */
	};
	rootObject = 34FFF99622520FBF00BE1441 /* Project object */;
}
